
Microsoft Visual Studio Solution File, Format Version 12.00
# Visual Studio Version 17
VisualStudioVersion = 17.4.33110.190
MinimumVisualStudioVersion = 10.0.40219.1
Project("{FAE04EC0-301F-11D3-BF4B-00C04F79EFBC}") = "SudokuV3", "SudokuV3\SudokuV3.csproj", "{972FBF77-A75B-4338-8298-5BB99EC5766E}"
EndProject
Global
	GlobalSection(SolutionConfigurationPlatforms) = preSolution
		Debug|Any CPU = Debug|Any CPU
		Release|Any CPU = Release|Any CPU
	EndGlobalSection
	GlobalSection(ProjectConfigurationPlatforms) = postSolution
		{972FBF77-A75B-4338-8298-5BB99EC5766E}.Debug|Any CPU.ActiveCfg = Debug|Any CPU
		{972FBF77-A75B-4338-8298-5BB99EC5766E}.Debug|Any CPU.Build.0 = Debug|Any CPU
		{972FBF77-A75B-4338-8298-5BB99EC5766E}.Release|Any CPU.ActiveCfg = Release|Any CPU
		{972FBF77-A75B-4338-8298-5BB99EC5766E}.Release|Any CPU.Build.0 = Release|Any CPU
	EndGlobalSection
	GlobalSection(SolutionProperties) = preSolution
		HideSolutionNode = FALSE
	EndGlobalSection
	GlobalSection(ExtensibilityGlobals) = postSolution
		SolutionGuid = {007C85C9-58B8-49DC-ABF2-F1E50B51782E}
	EndGlobalSection
EndGlobal
